
Microsoft Visual Studio Solution File, Format Version 12.00
# Visual Studio Version 17
VisualStudioVersion = 17.7.34024.191
MinimumVisualStudioVersion = 10.0.40219.1
Project("{FAE04EC0-301F-11D3-BF4B-00C04F79EFBC}") = "ClassPlayground", "ClassPlayground\ClassPlayground.csproj", "{9AC2498C-AB07-45FD-86B1-B71838A591C4}"
EndProject
Global
	GlobalSection(SolutionConfigurationPlatforms) = preSolution
		Debug|Any CPU = Debug|Any CPU
		Release|Any CPU = Release|Any CPU
	EndGlobalSection
	GlobalSection(ProjectConfigurationPlatforms) = postSolution
		{9AC2498C-AB07-45FD-86B1-B71838A591C4}.Debug|Any CPU.ActiveCfg = Debug|Any CPU
		{9AC2498C-AB07-45FD-86B1-B71838A591C4}.Debug|Any CPU.Build.0 = Debug|Any CPU
		{9AC2498C-AB07-45FD-86B1-B71838A591C4}.Release|Any CPU.ActiveCfg = Release|Any CPU
		{9AC2498C-AB07-45FD-86B1-B71838A591C4}.Release|Any CPU.Build.0 = Release|Any CPU
	EndGlobalSection
	GlobalSection(SolutionProperties) = preSolution
		HideSolutionNode = FALSE
	EndGlobalSection
	GlobalSection(ExtensibilityGlobals) = postSolution
		SolutionGuid = {027379E8-CF23-4A73-A960-639C9A9739E2}
	EndGlobalSection
EndGlobal
