
Microsoft Visual Studio Solution File, Format Version 12.00
# Visual Studio Version 17
VisualStudioVersion = 17.7.34024.191
MinimumVisualStudioVersion = 10.0.40219.1
Project("{FAE04EC0-301F-11D3-BF4B-00C04F79EFBC}") = "RecursionPlayground", "RecursionPlayground\RecursionPlayground.csproj", "{9AEFD4C2-84D5-42E0-B616-F10F58D25EF8}"
EndProject
Global
	GlobalSection(SolutionConfigurationPlatforms) = preSolution
		Debug|Any CPU = Debug|Any CPU
		Release|Any CPU = Release|Any CPU
	EndGlobalSection
	GlobalSection(ProjectConfigurationPlatforms) = postSolution
		{9AEFD4C2-84D5-42E0-B616-F10F58D25EF8}.Debug|Any CPU.ActiveCfg = Debug|Any CPU
		{9AEFD4C2-84D5-42E0-B616-F10F58D25EF8}.Debug|Any CPU.Build.0 = Debug|Any CPU
		{9AEFD4C2-84D5-42E0-B616-F10F58D25EF8}.Release|Any CPU.ActiveCfg = Release|Any CPU
		{9AEFD4C2-84D5-42E0-B616-F10F58D25EF8}.Release|Any CPU.Build.0 = Release|Any CPU
	EndGlobalSection
	GlobalSection(SolutionProperties) = preSolution
		HideSolutionNode = FALSE
	EndGlobalSection
	GlobalSection(ExtensibilityGlobals) = postSolution
		SolutionGuid = {2050DCD0-C3E8-48C5-9F1E-85DCC28EA705}
	EndGlobalSection
EndGlobal
