
Microsoft Visual Studio Solution File, Format Version 12.00
# Visual Studio Version 17
VisualStudioVersion = 17.10.35013.160
MinimumVisualStudioVersion = 10.0.40219.1
Project("{FAE04EC0-301F-11D3-BF4B-00C04F79EFBC}") = "FavouriteFoods", "FavouriteFoods\FavouriteFoods.csproj", "{CCD49B85-C32E-4A74-AE3E-D023542656B3}"
EndProject
Global
	GlobalSection(SolutionConfigurationPlatforms) = preSolution
		Debug|Any CPU = Debug|Any CPU
		Release|Any CPU = Release|Any CPU
	EndGlobalSection
	GlobalSection(ProjectConfigurationPlatforms) = postSolution
		{CCD49B85-C32E-4A74-AE3E-D023542656B3}.Debug|Any CPU.ActiveCfg = Debug|Any CPU
		{CCD49B85-C32E-4A74-AE3E-D023542656B3}.Debug|Any CPU.Build.0 = Debug|Any CPU
		{CCD49B85-C32E-4A74-AE3E-D023542656B3}.Release|Any CPU.ActiveCfg = Release|Any CPU
		{CCD49B85-C32E-4A74-AE3E-D023542656B3}.Release|Any CPU.Build.0 = Release|Any CPU
	EndGlobalSection
	GlobalSection(SolutionProperties) = preSolution
		HideSolutionNode = FALSE
	EndGlobalSection
	GlobalSection(ExtensibilityGlobals) = postSolution
		SolutionGuid = {B072B5D1-79FA-42EC-A5C1-FD07ECD4FB73}
	EndGlobalSection
EndGlobal
