
Microsoft Visual Studio Solution File, Format Version 12.00
# Visual Studio Version 17
VisualStudioVersion = 17.7.34024.191
MinimumVisualStudioVersion = 10.0.40219.1
Project("{FAE04EC0-301F-11D3-BF4B-00C04F79EFBC}") = "DFS", "DFS\DFS.csproj", "{984C4DF5-8706-422F-9A2D-149A499BF9CD}"
EndProject
Global
	GlobalSection(SolutionConfigurationPlatforms) = preSolution
		Debug|Any CPU = Debug|Any CPU
		Release|Any CPU = Release|Any CPU
	EndGlobalSection
	GlobalSection(ProjectConfigurationPlatforms) = postSolution
		{984C4DF5-8706-422F-9A2D-149A499BF9CD}.Debug|Any CPU.ActiveCfg = Debug|Any CPU
		{984C4DF5-8706-422F-9A2D-149A499BF9CD}.Debug|Any CPU.Build.0 = Debug|Any CPU
		{984C4DF5-8706-422F-9A2D-149A499BF9CD}.Release|Any CPU.ActiveCfg = Release|Any CPU
		{984C4DF5-8706-422F-9A2D-149A499BF9CD}.Release|Any CPU.Build.0 = Release|Any CPU
	EndGlobalSection
	GlobalSection(SolutionProperties) = preSolution
		HideSolutionNode = FALSE
	EndGlobalSection
	GlobalSection(ExtensibilityGlobals) = postSolution
		SolutionGuid = {321F57C6-C3A0-410D-8811-EC6975152E51}
	EndGlobalSection
EndGlobal
